// !$*UTF8*$!
{
	archiveVersion = 1;
	classes = {
	};
	objectVersion = 46;
	objects = {

/* Begin PBXBuildFile section */
		8C31A92F1ECF9499002BDD6D /* AppDelegate.swift in Sources */ = {isa = PBXBuildFile; fileRef = 8C31A92E1ECF9499002BDD6D /* AppDelegate.swift */; };
		8C31A9311ECF9499002BDD6D /* loginsignupVC.swift in Sources */ = {isa = PBXBuildFile; fileRef = 8C31A9301ECF9499002BDD6D /* loginsignupVC.swift */; };
		8C31A9341ECF9499002BDD6D /* Main.storyboard in Resources */ = {isa = PBXBuildFile; fileRef = 8C31A9321ECF9499002BDD6D /* Main.storyboard */; };
		8C31A9361ECF9499002BDD6D /* Assets.xcassets in Resources */ = {isa = PBXBuildFile; fileRef = 8C31A9351ECF9499002BDD6D /* Assets.xcassets */; };
		8C31A9391ECF9499002BDD6D /* LaunchScreen.storyboard in Resources */ = {isa = PBXBuildFile; fileRef = 8C31A9371ECF9499002BDD6D /* LaunchScreen.storyboard */; };
		8C31A9441ECF9499002BDD6D /* JoinTests.swift in Sources */ = {isa = PBXBuildFile; fileRef = 8C31A9431ECF9499002BDD6D /* JoinTests.swift */; };
		8C31A94F1ECF9499002BDD6D /* JoinUITests.swift in Sources */ = {isa = PBXBuildFile; fileRef = 8C31A94E1ECF9499002BDD6D /* JoinUITests.swift */; };
		8C31A95D1ECF9545002BDD6D /* GoogleService-Info.plist in Resources */ = {isa = PBXBuildFile; fileRef = 8C31A95C1ECF9545002BDD6D /* GoogleService-Info.plist */; };
		8C31A9611ECFA6A7002BDD6D /* JVFloatLabeledTextField.framework in Frameworks */ = {isa = PBXBuildFile; fileRef = 8C31A9601ECFA6A7002BDD6D /* JVFloatLabeledTextField.framework */; settings = {ATTRIBUTES = (Weak, ); }; };
		8C31A9631ED394C9002BDD6D /* mappViewController.swift in Sources */ = {isa = PBXBuildFile; fileRef = 8C31A9621ED394C9002BDD6D /* mappViewController.swift */; };
		F3518533734EDB6BED11AB83 /* Pods_Join.framework in Frameworks */ = {isa = PBXBuildFile; fileRef = 0F03C0E6BF3226364030B9A6 /* Pods_Join.framework */; settings = {ATTRIBUTES = (Required, ); }; };
/* End PBXBuildFile section */

/* Begin PBXContainerItemProxy section */
		8C31A9401ECF9499002BDD6D /* PBXContainerItemProxy */ = {
			isa = PBXContainerItemProxy;
			containerPortal = 8C31A9231ECF9499002BDD6D /* Project object */;
			proxyType = 1;
			remoteGlobalIDString = 8C31A92A1ECF9499002BDD6D;
			remoteInfo = Join;
		};
		8C31A94B1ECF9499002BDD6D /* PBXContainerItemProxy */ = {
			isa = PBXContainerItemProxy;
			containerPortal = 8C31A9231ECF9499002BDD6D /* Project object */;
			proxyType = 1;
			remoteGlobalIDString = 8C31A92A1ECF9499002BDD6D;
			remoteInfo = Join;
		};
/* End PBXContainerItemProxy section */

/* Begin PBXFileReference section */
		0F03C0E6BF3226364030B9A6 /* Pods_Join.framework */ = {isa = PBXFileReference; explicitFileType = wrapper.framework; includeInIndex = 0; path = Pods_Join.framework; sourceTree = BUILT_PRODUCTS_DIR; };
		483CA98CF214D6C20E3965DF /* Pods-Join.release.xcconfig */ = {isa = PBXFileReference; includeInIndex = 1; lastKnownFileType = text.xcconfig; name = "Pods-Join.release.xcconfig"; path = "Pods/Target Support Files/Pods-Join/Pods-Join.release.xcconfig"; sourceTree = "<group>"; };
		8C31A92B1ECF9499002BDD6D /* Join.app */ = {isa = PBXFileReference; explicitFileType = wrapper.application; includeInIndex = 0; path = Join.app; sourceTree = BUILT_PRODUCTS_DIR; };
		8C31A92E1ECF9499002BDD6D /* AppDelegate.swift */ = {isa = PBXFileReference; lastKnownFileType = sourcecode.swift; path = AppDelegate.swift; sourceTree = "<group>"; };
		8C31A9301ECF9499002BDD6D /* loginsignupVC.swift */ = {isa = PBXFileReference; lastKnownFileType = sourcecode.swift; path = loginsignupVC.swift; sourceTree = "<group>"; };
		8C31A9331ECF9499002BDD6D /* Base */ = {isa = PBXFileReference; lastKnownFileType = file.storyboard; name = Base; path = Base.lproj/Main.storyboard; sourceTree = "<group>"; };
		8C31A9351ECF9499002BDD6D /* Assets.xcassets */ = {isa = PBXFileReference; lastKnownFileType = folder.assetcatalog; path = Assets.xcassets; sourceTree = "<group>"; };
		8C31A9381ECF9499002BDD6D /* Base */ = {isa = PBXFileReference; lastKnownFileType = file.storyboard; name = Base; path = Base.lproj/LaunchScreen.storyboard; sourceTree = "<group>"; };
		8C31A93A1ECF9499002BDD6D /* Info.plist */ = {isa = PBXFileReference; lastKnownFileType = text.plist.xml; path = Info.plist; sourceTree = "<group>"; };
		8C31A93F1ECF9499002BDD6D /* JoinTests.xctest */ = {isa = PBXFileReference; explicitFileType = wrapper.cfbundle; includeInIndex = 0; path = JoinTests.xctest; sourceTree = BUILT_PRODUCTS_DIR; };
		8C31A9431ECF9499002BDD6D /* JoinTests.swift */ = {isa = PBXFileReference; lastKnownFileType = sourcecode.swift; path = JoinTests.swift; sourceTree = "<group>"; };
		8C31A9451ECF9499002BDD6D /* Info.plist */ = {isa = PBXFileReference; lastKnownFileType = text.plist.xml; path = Info.plist; sourceTree = "<group>"; };
		8C31A94A1ECF9499002BDD6D /* JoinUITests.xctest */ = {isa = PBXFileReference; explicitFileType = wrapper.cfbundle; includeInIndex = 0; path = JoinUITests.xctest; sourceTree = BUILT_PRODUCTS_DIR; };
		8C31A94E1ECF9499002BDD6D /* JoinUITests.swift */ = {isa = PBXFileReference; lastKnownFileType = sourcecode.swift; path = JoinUITests.swift; sourceTree = "<group>"; };
		8C31A9501ECF9499002BDD6D /* Info.plist */ = {isa = PBXFileReference; lastKnownFileType = text.plist.xml; path = Info.plist; sourceTree = "<group>"; };
		8C31A95C1ECF9545002BDD6D /* GoogleService-Info.plist */ = {isa = PBXFileReference; fileEncoding = 4; lastKnownFileType = text.plist.xml; path = "GoogleService-Info.plist"; sourceTree = "<group>"; };
		8C31A9601ECFA6A7002BDD6D /* JVFloatLabeledTextField.framework */ = {isa = PBXFileReference; lastKnownFileType = wrapper.framework; name = JVFloatLabeledTextField.framework; path = "Pods/../build/Debug-iphoneos/JVFloatLabeledTextField/JVFloatLabeledTextField.framework"; sourceTree = "<group>"; };
		8C31A9621ED394C9002BDD6D /* mappViewController.swift */ = {isa = PBXFileReference; fileEncoding = 4; lastKnownFileType = sourcecode.swift; path = mappViewController.swift; sourceTree = "<group>"; };
		CD1503FB9BD21FFD66B8AE6B /* Pods-Join.debug.xcconfig */ = {isa = PBXFileReference; includeInIndex = 1; lastKnownFileType = text.xcconfig; name = "Pods-Join.debug.xcconfig"; path = "Pods/Target Support Files/Pods-Join/Pods-Join.debug.xcconfig"; sourceTree = "<group>"; };
/* End PBXFileReference section */

/* Begin PBXFrameworksBuildPhase section */
		8C31A9281ECF9499002BDD6D /* Frameworks */ = {
			isa = PBXFrameworksBuildPhase;
			buildActionMask = 2147483647;
			files = (
				8C31A9611ECFA6A7002BDD6D /* JVFloatLabeledTextField.framework in Frameworks */,
				F3518533734EDB6BED11AB83 /* Pods_Join.framework in Frameworks */,
			);
			runOnlyForDeploymentPostprocessing = 0;
		};
		8C31A93C1ECF9499002BDD6D /* Frameworks */ = {
			isa = PBXFrameworksBuildPhase;
			buildActionMask = 2147483647;
			files = (
			);
			runOnlyForDeploymentPostprocessing = 0;
		};
		8C31A9471ECF9499002BDD6D /* Frameworks */ = {
			isa = PBXFrameworksBuildPhase;
			buildActionMask = 2147483647;
			files = (
			);
			runOnlyForDeploymentPostprocessing = 0;
		};
/* End PBXFrameworksBuildPhase section */

/* Begin PBXGroup section */
		3869C64BAF8036F992B1209C /* Pods */ = {
			isa = PBXGroup;
			children = (
				CD1503FB9BD21FFD66B8AE6B /* Pods-Join.debug.xcconfig */,
				483CA98CF214D6C20E3965DF /* Pods-Join.release.xcconfig */,
			);
			name = Pods;
			sourceTree = "<group>";
		};
		68528D6C6F6EB8AD20FD1EC5 /* Frameworks */ = {
			isa = PBXGroup;
			children = (
				8C31A9601ECFA6A7002BDD6D /* JVFloatLabeledTextField.framework */,
				0F03C0E6BF3226364030B9A6 /* Pods_Join.framework */,
			);
			name = Frameworks;
			sourceTree = "<group>";
		};
		8C31A9221ECF9499002BDD6D = {
			isa = PBXGroup;
			children = (
				8C31A92D1ECF9499002BDD6D /* Join */,
				8C31A9421ECF9499002BDD6D /* JoinTests */,
				8C31A94D1ECF9499002BDD6D /* JoinUITests */,
				8C31A92C1ECF9499002BDD6D /* Products */,
				3869C64BAF8036F992B1209C /* Pods */,
				68528D6C6F6EB8AD20FD1EC5 /* Frameworks */,
			);
			sourceTree = "<group>";
		};
		8C31A92C1ECF9499002BDD6D /* Products */ = {
			isa = PBXGroup;
			children = (
				8C31A92B1ECF9499002BDD6D /* Join.app */,
				8C31A93F1ECF9499002BDD6D /* JoinTests.xctest */,
				8C31A94A1ECF9499002BDD6D /* JoinUITests.xctest */,
			);
			name = Products;
			sourceTree = "<group>";
		};
		8C31A92D1ECF9499002BDD6D /* Join */ = {
			isa = PBXGroup;
			children = (
				8C31A92E1ECF9499002BDD6D /* AppDelegate.swift */,
				8C31A9301ECF9499002BDD6D /* loginsignupVC.swift */,
				8C31A9321ECF9499002BDD6D /* Main.storyboard */,
				8C31A9621ED394C9002BDD6D /* mappViewController.swift */,
				8C31A9351ECF9499002BDD6D /* Assets.xcassets */,
				8C31A9371ECF9499002BDD6D /* LaunchScreen.storyboard */,
				8C31A95C1ECF9545002BDD6D /* GoogleService-Info.plist */,
				8C31A93A1ECF9499002BDD6D /* Info.plist */,
			);
			path = Join;
			sourceTree = "<group>";
		};
		8C31A9421ECF9499002BDD6D /* JoinTests */ = {
			isa = PBXGroup;
			children = (
				8C31A9431ECF9499002BDD6D /* JoinTests.swift */,
				8C31A9451ECF9499002BDD6D /* Info.plist */,
			);
			path = JoinTests;
			sourceTree = "<group>";
		};
		8C31A94D1ECF9499002BDD6D /* JoinUITests */ = {
			isa = PBXGroup;
			children = (
				8C31A94E1ECF9499002BDD6D /* JoinUITests.swift */,
				8C31A9501ECF9499002BDD6D /* Info.plist */,
			);
			path = JoinUITests;
			sourceTree = "<group>";
		};
/* End PBXGroup section */

/* Begin PBXNativeTarget section */
		8C31A92A1ECF9499002BDD6D /* Join */ = {
			isa = PBXNativeTarget;
			buildConfigurationList = 8C31A9531ECF9499002BDD6D /* Build configuration list for PBXNativeTarget "Join" */;
			buildPhases = (
				5FD1BD998AB5E891790778E7 /* [CP] Check Pods Manifest.lock */,
				8C31A9271ECF9499002BDD6D /* Sources */,
				8C31A9281ECF9499002BDD6D /* Frameworks */,
				8C31A9291ECF9499002BDD6D /* Resources */,
				F005592816552C28E6B3DD26 /* [CP] Embed Pods Frameworks */,
				383C3A08F558F364B42EF581 /* [CP] Copy Pods Resources */,
			);
			buildRules = (
			);
			dependencies = (
			);
			name = Join;
			productName = Join;
			productReference = 8C31A92B1ECF9499002BDD6D /* Join.app */;
			productType = "com.apple.product-type.application";
		};
		8C31A93E1ECF9499002BDD6D /* JoinTests */ = {
			isa = PBXNativeTarget;
			buildConfigurationList = 8C31A9561ECF9499002BDD6D /* Build configuration list for PBXNativeTarget "JoinTests" */;
			buildPhases = (
				8C31A93B1ECF9499002BDD6D /* Sources */,
				8C31A93C1ECF9499002BDD6D /* Frameworks */,
				8C31A93D1ECF9499002BDD6D /* Resources */,
			);
			buildRules = (
			);
			dependencies = (
				8C31A9411ECF9499002BDD6D /* PBXTargetDependency */,
			);
			name = JoinTests;
			productName = JoinTests;
			productReference = 8C31A93F1ECF9499002BDD6D /* JoinTests.xctest */;
			productType = "com.apple.product-type.bundle.unit-test";
		};
		8C31A9491ECF9499002BDD6D /* JoinUITests */ = {
			isa = PBXNativeTarget;
			buildConfigurationList = 8C31A9591ECF9499002BDD6D /* Build configuration list for PBXNativeTarget "JoinUITests" */;
			buildPhases = (
				8C31A9461ECF9499002BDD6D /* Sources */,
				8C31A9471ECF9499002BDD6D /* Frameworks */,
				8C31A9481ECF9499002BDD6D /* Resources */,
			);
			buildRules = (
			);
			dependencies = (
				8C31A94C1ECF9499002BDD6D /* PBXTargetDependency */,
			);
			name = JoinUITests;
			productName = JoinUITests;
			productReference = 8C31A94A1ECF9499002BDD6D /* JoinUITests.xctest */;
			productType = "com.apple.product-type.bundle.ui-testing";
		};
/* End PBXNativeTarget section */

/* Begin PBXProject section */
		8C31A9231ECF9499002BDD6D /* Project object */ = {
			isa = PBXProject;
			attributes = {
				LastSwiftUpdateCheck = 0830;
				LastUpgradeCheck = 0830;
				ORGANIZATIONNAME = "Singdi,Muhammad";
				TargetAttributes = {
					8C31A92A1ECF9499002BDD6D = {
						CreatedOnToolsVersion = 8.3.2;
						ProvisioningStyle = Automatic;
					};
					8C31A93E1ECF9499002BDD6D = {
						CreatedOnToolsVersion = 8.3.2;
						ProvisioningStyle = Automatic;
						TestTargetID = 8C31A92A1ECF9499002BDD6D;
					};
					8C31A9491ECF9499002BDD6D = {
						CreatedOnToolsVersion = 8.3.2;
						ProvisioningStyle = Automatic;
						TestTargetID = 8C31A92A1ECF9499002BDD6D;
					};
				};
			};
			buildConfigurationList = 8C31A9261ECF9499002BDD6D /* Build configuration list for PBXProject "Join" */;
			compatibilityVersion = "Xcode 3.2";
			developmentRegion = English;
			hasScannedForEncodings = 0;
			knownRegions = (
				en,
				Base,
			);
			mainGroup = 8C31A9221ECF9499002BDD6D;
			productRefGroup = 8C31A92C1ECF9499002BDD6D /* Products */;
			projectDirPath = "";
			projectRoot = "";
			targets = (
				8C31A92A1ECF9499002BDD6D /* Join */,
				8C31A93E1ECF9499002BDD6D /* JoinTests */,
				8C31A9491ECF9499002BDD6D /* JoinUITests */,
			);
		};
/* End PBXProject section */

/* Begin PBXResourcesBuildPhase section */
		8C31A9291ECF9499002BDD6D /* Resources */ = {
			isa = PBXResourcesBuildPhase;
			buildActionMask = 2147483647;
			files = (
				8C31A9391ECF9499002BDD6D /* LaunchScreen.storyboard in Resources */,
				8C31A95D1ECF9545002BDD6D /* GoogleService-Info.plist in Resources */,
				8C31A9361ECF9499002BDD6D /* Assets.xcassets in Resources */,
				8C31A9341ECF9499002BDD6D /* Main.storyboard in Resources */,
			);
			runOnlyForDeploymentPostprocessing = 0;
		};
		8C31A93D1ECF9499002BDD6D /* Resources */ = {
			isa = PBXResourcesBuildPhase;
			buildActionMask = 2147483647;
			files = (
			);
			runOnlyForDeploymentPostprocessing = 0;
		};
		8C31A9481ECF9499002BDD6D /* Resources */ = {
			isa = PBXResourcesBuildPhase;
			buildActionMask = 2147483647;
			files = (
			);
			runOnlyForDeploymentPostprocessing = 0;
		};
/* End PBXResourcesBuildPhase section */

/* Begin PBXShellScriptBuildPhase section */
		383C3A08F558F364B42EF581 /* [CP] Copy Pods Resources */ = {
			isa = PBXShellScriptBuildPhase;
			buildActionMask = 2147483647;
			files = (
			);
			inputPaths = (
			);
			name = "[CP] Copy Pods Resources";
			outputPaths = (
			);
			runOnlyForDeploymentPostprocessing = 0;
			shellPath = /bin/sh;
			shellScript = "\"${SRCROOT}/Pods/Target Support Files/Pods-Join/Pods-Join-resources.sh\"\n";
			showEnvVarsInLog = 0;
		};
		5FD1BD998AB5E891790778E7 /* [CP] Check Pods Manifest.lock */ = {
			isa = PBXShellScriptBuildPhase;
			buildActionMask = 2147483647;
			files = (
			);
			inputPaths = (
			);
			name = "[CP] Check Pods Manifest.lock";
			outputPaths = (
			);
			runOnlyForDeploymentPostprocessing = 0;
			shellPath = /bin/sh;
			shellScript = "diff \"${PODS_PODFILE_DIR_PATH}/Podfile.lock\" \"${PODS_ROOT}/Manifest.lock\" > /dev/null\nif [ $? != 0 ] ; then\n    # print error to STDERR\n    echo \"error: The sandbox is not in sync with the Podfile.lock. Run 'pod install' or update your CocoaPods installation.\" >&2\n    exit 1\nfi\n";
			showEnvVarsInLog = 0;
		};
		F005592816552C28E6B3DD26 /* [CP] Embed Pods Frameworks */ = {
			isa = PBXShellScriptBuildPhase;
			buildActionMask = 2147483647;
			files = (
			);
			inputPaths = (
			);
			name = "[CP] Embed Pods Frameworks";
			outputPaths = (
			);
			runOnlyForDeploymentPostprocessing = 0;
			shellPath = /bin/sh;
			shellScript = "\"${SRCROOT}/Pods/Target Support Files/Pods-Join/Pods-Join-frameworks.sh\"\n";
			showEnvVarsInLog = 0;
		};
/* End PBXShellScriptBuildPhase section */

/* Begin PBXSourcesBuildPhase section */
		8C31A9271ECF9499002BDD6D /* Sources */ = {
			isa = PBXSourcesBuildPhase;
			buildActionMask = 2147483647;
			files = (
				8C31A9631ED394C9002BDD6D /* mappViewController.swift in Sources */,
				8C31A9311ECF9499002BDD6D /* loginsignupVC.swift in Sources */,
				8C31A92F1ECF9499002BDD6D /* AppDelegate.swift in Sources */,
			);
			runOnlyForDeploymentPostprocessing = 0;
		};
		8C31A93B1ECF9499002BDD6D /* Sources */ = {
			isa = PBXSourcesBuildPhase;
			buildActionMask = 2147483647;
			files = (
				8C31A9441ECF9499002BDD6D /* JoinTests.swift in Sources */,
			);
			runOnlyForDeploymentPostprocessing = 0;
		};
		8C31A9461ECF9499002BDD6D /* Sources */ = {
			isa = PBXSourcesBuildPhase;
			buildActionMask = 2147483647;
			files = (
				8C31A94F1ECF9499002BDD6D /* JoinUITests.swift in Sources */,
			);
			runOnlyForDeploymentPostprocessing = 0;
		};
/* End PBXSourcesBuildPhase section */

/* Begin PBXTargetDependency section */
		8C31A9411ECF9499002BDD6D /* PBXTargetDependency */ = {
			isa = PBXTargetDependency;
			target = 8C31A92A1ECF9499002BDD6D /* Join */;
			targetProxy = 8C31A9401ECF9499002BDD6D /* PBXContainerItemProxy */;
		};
		8C31A94C1ECF9499002BDD6D /* PBXTargetDependency */ = {
			isa = PBXTargetDependency;
			target = 8C31A92A1ECF9499002BDD6D /* Join */;
			targetProxy = 8C31A94B1ECF9499002BDD6D /* PBXContainerItemProxy */;
		};
/* End PBXTargetDependency section */

/* Begin PBXVariantGroup section */
		8C31A9321ECF9499002BDD6D /* Main.storyboard */ = {
			isa = PBXVariantGroup;
			children = (
				8C31A9331ECF9499002BDD6D /* Base */,
			);
			name = Main.storyboard;
			sourceTree = "<group>";
		};
		8C31A9371ECF9499002BDD6D /* LaunchScreen.storyboard */ = {
			isa = PBXVariantGroup;
			children = (
				8C31A9381ECF9499002BDD6D /* Base */,
			);
			name = LaunchScreen.storyboard;
			sourceTree = "<group>";
		};
/* End PBXVariantGroup section */

/* Begin XCBuildConfiguration section */
		8C31A9511ECF9499002BDD6D /* Debug */ = {
			isa = XCBuildConfiguration;
			buildSettings = {
				ALWAYS_SEARCH_USER_PATHS = NO;
				CLANG_ANALYZER_NONNULL = YES;
				CLANG_ANALYZER_NUMBER_OBJECT_CONVERSION = YES_AGGRESSIVE;
				CLANG_CXX_LANGUAGE_STANDARD = "gnu++0x";
				CLANG_CXX_LIBRARY = "libc++";
				CLANG_ENABLE_MODULES = YES;
				CLANG_ENABLE_OBJC_ARC = YES;
				CLANG_WARN_BOOL_CONVERSION = YES;
				CLANG_WARN_CONSTANT_CONVERSION = YES;
				CLANG_WARN_DIRECT_OBJC_ISA_USAGE = YES_ERROR;
				CLANG_WARN_DOCUMENTATION_COMMENTS = YES;
				CLANG_WARN_EMPTY_BODY = YES;
				CLANG_WARN_ENUM_CONVERSION = YES;
				CLANG_WARN_INFINITE_RECURSION = YES;
				CLANG_WARN_INT_CONVERSION = YES;
				CLANG_WARN_OBJC_ROOT_CLASS = YES_ERROR;
				CLANG_WARN_SUSPICIOUS_MOVE = YES;
				CLANG_WARN_UNREACHABLE_CODE = YES;
				CLANG_WARN__DUPLICATE_METHOD_MATCH = YES;
				"CODE_SIGN_IDENTITY[sdk=iphoneos*]" = "iPhone Developer";
				COPY_PHASE_STRIP = NO;
				DEBUG_INFORMATION_FORMAT = dwarf;
				ENABLE_STRICT_OBJC_MSGSEND = YES;
				ENABLE_TESTABILITY = YES;
				GCC_C_LANGUAGE_STANDARD = gnu99;
				GCC_DYNAMIC_NO_PIC = NO;
				GCC_NO_COMMON_BLOCKS = YES;
				GCC_OPTIMIZATION_LEVEL = 0;
				GCC_PREPROCESSOR_DEFINITIONS = (
					"DEBUG=1",
					"$(inherited)",
				);
				GCC_WARN_64_TO_32_BIT_CONVERSION = YES;
				GCC_WARN_ABOUT_RETURN_TYPE = YES_ERROR;
				GCC_WARN_UNDECLARED_SELECTOR = YES;
				GCC_WARN_UNINITIALIZED_AUTOS = YES_AGGRESSIVE;
				GCC_WARN_UNUSED_FUNCTION = YES;
				GCC_WARN_UNUSED_VARIABLE = YES;
				IPHONEOS_DEPLOYMENT_TARGET = 10.3;
				MTL_ENABLE_DEBUG_INFO = YES;
				ONLY_ACTIVE_ARCH = YES;
				SDKROOT = iphoneos;
				SWIFT_ACTIVE_COMPILATION_CONDITIONS = DEBUG;
				SWIFT_OPTIMIZATION_LEVEL = "-Onone";
				TARGETED_DEVICE_FAMILY = "1,2";
			};
			name = Debug;
		};
		8C31A9521ECF9499002BDD6D /* Release */ = {
			isa = XCBuildConfiguration;
			buildSettings = {
				ALWAYS_SEARCH_USER_PATHS = NO;
				CLANG_ANALYZER_NONNULL = YES;
				CLANG_ANALYZER_NUMBER_OBJECT_CONVERSION = YES_AGGRESSIVE;
				CLANG_CXX_LANGUAGE_STANDARD = "gnu++0x";
				CLANG_CXX_LIBRARY = "libc++";
				CLANG_ENABLE_MODULES = YES;
				CLANG_ENABLE_OBJC_ARC = YES;
				CLANG_WARN_BOOL_CONVERSION = YES;
				CLANG_WARN_CONSTANT_CONVERSION = YES;
				CLANG_WARN_DIRECT_OBJC_ISA_USAGE = YES_ERROR;
				CLANG_WARN_DOCUMENTATION_COMMENTS = YES;
				CLANG_WARN_EMPTY_BODY = YES;
				CLANG_WARN_ENUM_CONVERSION = YES;
				CLANG_WARN_INFINITE_RECURSION = YES;
				CLANG_WARN_INT_CONVERSION = YES;
				CLANG_WARN_OBJC_ROOT_CLASS = YES_ERROR;
				CLANG_WARN_SUSPICIOUS_MOVE = YES;
				CLANG_WARN_UNREACHABLE_CODE = YES;
				CLANG_WARN__DUPLICATE_METHOD_MATCH = YES;
				"CODE_SIGN_IDENTITY[sdk=iphoneos*]" = "iPhone Developer";
				COPY_PHASE_STRIP = NO;
				DEBUG_INFORMATION_FORMAT = "dwarf-with-dsym";
				ENABLE_NS_ASSERTIONS = NO;
				ENABLE_STRICT_OBJC_MSGSEND = YES;
				GCC_C_LANGUAGE_STANDARD = gnu99;
				GCC_NO_COMMON_BLOCKS = YES;
				GCC_WARN_64_TO_32_BIT_CONVERSION = YES;
				GCC_WARN_ABOUT_RETURN_TYPE = YES_ERROR;
				GCC_WARN_UNDECLARED_SELECTOR = YES;
				GCC_WARN_UNINITIALIZED_AUTOS = YES_AGGRESSIVE;
				GCC_WARN_UNUSED_FUNCTION = YES;
				GCC_WARN_UNUSED_VARIABLE = YES;
				IPHONEOS_DEPLOYMENT_TARGET = 10.3;
				MTL_ENABLE_DEBUG_INFO = NO;
				SDKROOT = iphoneos;
				SWIFT_OPTIMIZATION_LEVEL = "-Owholemodule";
				TARGETED_DEVICE_FAMILY = "1,2";
				VALIDATE_PRODUCT = YES;
			};
			name = Release;
		};
		8C31A9541ECF9499002BDD6D /* Debug */ = {
			isa = XCBuildConfiguration;
			baseConfigurationReference = CD1503FB9BD21FFD66B8AE6B /* Pods-Join.debug.xcconfig */;
			buildSettings = {
				ASSETCATALOG_COMPILER_APPICON_NAME = AppIcon;
				FRAMEWORK_SEARCH_PATHS = (
					"$(inherited)",
					"$(PROJECT_DIR)/build/Debug-iphoneos/JVFloatLabeledTextField",
				);
				INFOPLIST_FILE = Join/Info.plist;
				LD_RUNPATH_SEARCH_PATHS = "$(inherited) @executable_path/Frameworks";
				PRODUCT_BUNDLE_IDENTIFIER = com.MuhammadSingdi.Join.Join;
				PRODUCT_NAME = "$(TARGET_NAME)";
				SWIFT_VERSION = 3.0;
			};
			name = Debug;
		};
		8C31A9551ECF9499002BDD6D /* Release */ = {
			isa = XCBuildConfiguration;
			baseConfigurationReference = 483CA98CF214D6C20E3965DF /* Pods-Join.release.xcconfig */;
			buildSettings = {
				ASSETCATALOG_COMPILER_APPICON_NAME = AppIcon;
				FRAMEWORK_SEARCH_PATHS = (
					"$(inherited)",
					"$(PROJECT_DIR)/build/Debug-iphoneos/JVFloatLabeledTextField",
				);
				INFOPLIST_FILE = Join/Info.plist;
				LD_RUNPATH_SEARCH_PATHS = "$(inherited) @executable_path/Frameworks";
				PRODUCT_BUNDLE_IDENTIFIER = com.MuhammadSingdi.Join.Join;
				PRODUCT_NAME = "$(TARGET_NAME)";
				SWIFT_VERSION = 3.0;
			};
			name = Release;
		};
		8C31A9571ECF9499002BDD6D /* Debug */ = {
			isa = XCBuildConfiguration;
			buildSettings = {
				ALWAYS_EMBED_SWIFT_STANDARD_LIBRARIES = YES;
				BUNDLE_LOADER = "$(TEST_HOST)";
				INFOPLIST_FILE = JoinTests/Info.plist;
				LD_RUNPATH_SEARCH_PATHS = "$(inherited) @executable_path/Frameworks @loader_path/Frameworks";
				PRODUCT_BUNDLE_IDENTIFIER = com.MuhammadSingdi.Join.JoinTests;
				PRODUCT_NAME = "$(TARGET_NAME)";
				SWIFT_VERSION = 3.0;
				TEST_HOST = "$(BUILT_PRODUCTS_DIR)/Join.app/Join";
			};
			name = Debug;
		};
		8C31A9581ECF9499002BDD6D /* Release */ = {
			isa = XCBuildConfiguration;
			buildSettings = {
				ALWAYS_EMBED_SWIFT_STANDARD_LIBRARIES = YES;
				BUNDLE_LOADER = "$(TEST_HOST)";
				INFOPLIST_FILE = JoinTests/Info.plist;
				LD_RUNPATH_SEARCH_PATHS = "$(inherited) @executable_path/Frameworks @loader_path/Frameworks";
				PRODUCT_BUNDLE_IDENTIFIER = com.MuhammadSingdi.Join.JoinTests;
				PRODUCT_NAME = "$(TARGET_NAME)";
				SWIFT_VERSION = 3.0;
				TEST_HOST = "$(BUILT_PRODUCTS_DIR)/Join.app/Join";
			};
			name = Release;
		};
		8C31A95A1ECF9499002BDD6D /* Debug */ = {
			isa = XCBuildConfiguration;
			buildSettings = {
				ALWAYS_EMBED_SWIFT_STANDARD_LIBRARIES = YES;
				INFOPLIST_FILE = JoinUITests/Info.plist;
				LD_RUNPATH_SEARCH_PATHS = "$(inherited) @executable_path/Frameworks @loader_path/Frameworks";
				PRODUCT_BUNDLE_IDENTIFIER = com.MuhammadSingdi.Join.JoinUITests;
				PRODUCT_NAME = "$(TARGET_NAME)";
				SWIFT_VERSION = 3.0;
				TEST_TARGET_NAME = Join;
			};
			name = Debug;
		};
		8C31A95B1ECF9499002BDD6D /* Release */ = {
			isa = XCBuildConfiguration;
			buildSettings = {
				ALWAYS_EMBED_SWIFT_STANDARD_LIBRARIES = YES;
				INFOPLIST_FILE = JoinUITests/Info.plist;
				LD_RUNPATH_SEARCH_PATHS = "$(inherited) @executable_path/Frameworks @loader_path/Frameworks";
				PRODUCT_BUNDLE_IDENTIFIER = com.MuhammadSingdi.Join.JoinUITests;
				PRODUCT_NAME = "$(TARGET_NAME)";
				SWIFT_VERSION = 3.0;
				TEST_TARGET_NAME = Join;
			};
			name = Release;
		};
/* End XCBuildConfiguration section */

/* Begin XCConfigurationList section */
		8C31A9261ECF9499002BDD6D /* Build configuration list for PBXProject "Join" */ = {
			isa = XCConfigurationList;
			buildConfigurations = (
				8C31A9511ECF9499002BDD6D /* Debug */,
				8C31A9521ECF9499002BDD6D /* Release */,
			);
			defaultConfigurationIsVisible = 0;
			defaultConfigurationName = Release;
		};
		8C31A9531ECF9499002BDD6D /* Build configuration list for PBXNativeTarget "Join" */ = {
			isa = XCConfigurationList;
			buildConfigurations = (
				8C31A9541ECF9499002BDD6D /* Debug */,
				8C31A9551ECF9499002BDD6D /* Release */,
			);
			defaultConfigurationIsVisible = 0;
			defaultConfigurationName = Release;
		};
		8C31A9561ECF9499002BDD6D /* Build configuration list for PBXNativeTarget "JoinTests" */ = {
			isa = XCConfigurationList;
			buildConfigurations = (
				8C31A9571ECF9499002BDD6D /* Debug */,
				8C31A9581ECF9499002BDD6D /* Release */,
			);
			defaultConfigurationIsVisible = 0;
			defaultConfigurationName = Release;
		};
		8C31A9591ECF9499002BDD6D /* Build configuration list for PBXNativeTarget "JoinUITests" */ = {
			isa = XCConfigurationList;
			buildConfigurations = (
				8C31A95A1ECF9499002BDD6D /* Debug */,
				8C31A95B1ECF9499002BDD6D /* Release */,
			);
			defaultConfigurationIsVisible = 0;
			defaultConfigurationName = Release;
		};
/* End XCConfigurationList section */
	};
	rootObject = 8C31A9231ECF9499002BDD6D /* Project object */;
}
